
Microsoft Visual Studio Solution File, Format Version 12.00
# Visual Studio Version 16
VisualStudioVersion = 16.0.29215.179
MinimumVisualStudioVersion = 10.0.40219.1
Project("{FAE04EC0-301F-11D3-BF4B-00C04F79EFBC}") = "QuickBuy.Dominio", "QuickBuy.Dominio\QuickBuy.Dominio.csproj", "{FBC4FD59-216F-4A7E-833B-B6316AFD145D}"
EndProject
Project("{FAE04EC0-301F-11D3-BF4B-00C04F79EFBC}") = "QuickBuy.Repositorio", "QuickBuy.Repositorio\QuickBuy.Repositorio.csproj", "{6847E821-4BFF-4A6D-924A-0B3AA29073E0}"
EndProject
Project("{FAE04EC0-301F-11D3-BF4B-00C04F79EFBC}") = "Quickbuy.Web", "Quickbuy.Web\Quickbuy.Web.csproj", "{3C13EE6E-F51F-4590-997C-D89AF41BFDC8}"
EndProject
Global
	GlobalSection(SolutionConfigurationPlatforms) = preSolution
		Debug|Any CPU = Debug|Any CPU
		Release|Any CPU = Release|Any CPU
	EndGlobalSection
	GlobalSection(ProjectConfigurationPlatforms) = postSolution
		{FBC4FD59-216F-4A7E-833B-B6316AFD145D}.Debug|Any CPU.ActiveCfg = Debug|Any CPU
		{FBC4FD59-216F-4A7E-833B-B6316AFD145D}.Debug|Any CPU.Build.0 = Debug|Any CPU
		{FBC4FD59-216F-4A7E-833B-B6316AFD145D}.Release|Any CPU.ActiveCfg = Release|Any CPU
		{FBC4FD59-216F-4A7E-833B-B6316AFD145D}.Release|Any CPU.Build.0 = Release|Any CPU
		{6847E821-4BFF-4A6D-924A-0B3AA29073E0}.Debug|Any CPU.ActiveCfg = Debug|Any CPU
		{6847E821-4BFF-4A6D-924A-0B3AA29073E0}.Debug|Any CPU.Build.0 = Debug|Any CPU
		{6847E821-4BFF-4A6D-924A-0B3AA29073E0}.Release|Any CPU.ActiveCfg = Release|Any CPU
		{6847E821-4BFF-4A6D-924A-0B3AA29073E0}.Release|Any CPU.Build.0 = Release|Any CPU
		{3C13EE6E-F51F-4590-997C-D89AF41BFDC8}.Debug|Any CPU.ActiveCfg = Debug|Any CPU
		{3C13EE6E-F51F-4590-997C-D89AF41BFDC8}.Debug|Any CPU.Build.0 = Debug|Any CPU
		{3C13EE6E-F51F-4590-997C-D89AF41BFDC8}.Release|Any CPU.ActiveCfg = Release|Any CPU
		{3C13EE6E-F51F-4590-997C-D89AF41BFDC8}.Release|Any CPU.Build.0 = Release|Any CPU
	EndGlobalSection
	GlobalSection(SolutionProperties) = preSolution
		HideSolutionNode = FALSE
	EndGlobalSection
	GlobalSection(ExtensibilityGlobals) = postSolution
		SolutionGuid = {2F10FAE8-F256-46F1-93EB-487BAFC60F2D}
	EndGlobalSection
EndGlobal
